
Microsoft Visual Studio Solution File, Format Version 12.00
# Visual Studio 15
VisualStudioVersion = 15.0.28307.1062
MinimumVisualStudioVersion = 10.0.40219.1
Project("{FAE04EC0-301F-11D3-BF4B-00C04F79EFBC}") = "WFA_Task_4_Table", "WFA_Task_4_Table.csproj", "{DAB30999-4A8B-460C-A2BD-758FB2BC55F6}"
EndProject
Global
	GlobalSection(SolutionConfigurationPlatforms) = preSolution
		Debug|Any CPU = Debug|Any CPU
		Release|Any CPU = Release|Any CPU
	EndGlobalSection
	GlobalSection(ProjectConfigurationPlatforms) = postSolution
		{DAB30999-4A8B-460C-A2BD-758FB2BC55F6}.Debug|Any CPU.ActiveCfg = Debug|Any CPU
		{DAB30999-4A8B-460C-A2BD-758FB2BC55F6}.Debug|Any CPU.Build.0 = Debug|Any CPU
		{DAB30999-4A8B-460C-A2BD-758FB2BC55F6}.Release|Any CPU.ActiveCfg = Release|Any CPU
		{DAB30999-4A8B-460C-A2BD-758FB2BC55F6}.Release|Any CPU.Build.0 = Release|Any CPU
	EndGlobalSection
	GlobalSection(SolutionProperties) = preSolution
		HideSolutionNode = FALSE
	EndGlobalSection
	GlobalSection(ExtensibilityGlobals) = postSolution
		SolutionGuid = {3506B1E2-11D5-485C-BE94-CAA908F43522}
	EndGlobalSection
EndGlobal
